
Microsoft Visual Studio Solution File, Format Version 12.00
# Visual Studio Version 16
VisualStudioVersion = 16.0.30914.41
MinimumVisualStudioVersion = 10.0.40219.1
Project("{2150E333-8FDC-42A3-9474-1A3956D46DE8}") = "1 - Test", "1 - Test", "{441D396B-A851-41AE-A5DE-B96730A0E5C2}"
EndProject
Project("{2150E333-8FDC-42A3-9474-1A3956D46DE8}") = "2 - Service", "2 - Service", "{CB4A793A-ADF8-42FD-BB99-84BBAFE16A5B}"
EndProject
Project("{2150E333-8FDC-42A3-9474-1A3956D46DE8}") = "3 - Biz", "3 - Biz", "{D06DCA35-7243-431C-9DDD-14FA6F020BDE}"
EndProject
Project("{2150E333-8FDC-42A3-9474-1A3956D46DE8}") = "4 - Model", "4 - Model", "{8DEBB91B-12C0-4B5D-993B-1051B7B367A6}"
EndProject
Project("{2150E333-8FDC-42A3-9474-1A3956D46DE8}") = "5 - Data", "5 - Data", "{1DA53ECD-0E7D-462D-BA62-9C58C9F08C8E}"
EndProject
Project("{9A19103F-16F7-4668-BE54-9A1E7A4F7556}") = "Alpaca.Service.Open", "Service\Alpaca.Service.Open\Alpaca.Service.Open.csproj", "{2726545F-4406-448A-8BDF-F9799DC08330}"
EndProject
Project("{9A19103F-16F7-4668-BE54-9A1E7A4F7556}") = "Alpaca.Model.Account", "Model\Alpaca.Model.Account\Alpaca.Model.Account.csproj", "{24956F16-352C-4911-88AE-1148FE2AF890}"
EndProject
Project("{E53339B2-1760-4266-BCC7-CA923CBCF16C}") = "docker-compose", "docker-compose.dcproj", "{F074FA20-B79B-4820-8714-D93725F8C263}"
EndProject
Project("{2150E333-8FDC-42A3-9474-1A3956D46DE8}") = "6 - Infrastructure", "6 - Infrastructure", "{5DD2C8A9-9064-4ED3-BC48-088486F27B7C}"
EndProject
Project("{9A19103F-16F7-4668-BE54-9A1E7A4F7556}") = "Alpaca.Infrastructure.Security", "Infrastructure\Alpaca.Infrastructure.Security\Alpaca.Infrastructure.Security.csproj", "{8A5BB24F-5CBE-4210-AE58-9F9FEE4FC87F}"
EndProject
Project("{9A19103F-16F7-4668-BE54-9A1E7A4F7556}") = "Alpaca.Biz.Account", "Biz\Alpaca.Biz.Account\Alpaca.Biz.Account.csproj", "{2277F33C-D5E0-4D60-9F0B-D85E3D0DF354}"
EndProject
Project("{9A19103F-16F7-4668-BE54-9A1E7A4F7556}") = "Alpaca.Data.Entities", "Data\Alpaca.Data.Entities\Alpaca.Data.Entities.csproj", "{0F153EB6-FDED-4B21-9E36-FEFE3FB1D7C3}"
EndProject
Project("{9A19103F-16F7-4668-BE54-9A1E7A4F7556}") = "Alpaca.Data.EFCore", "Data\Alpaca.Data.EFCore\Alpaca.Data.EFCore.csproj", "{79F091BB-713C-455B-860A-E46B26E3A346}"
EndProject
Project("{9A19103F-16F7-4668-BE54-9A1E7A4F7556}") = "Alpaca.Infrastructure.Config", "Infrastructure\Alpaca.Infrastructure.Config\Alpaca.Infrastructure.Config.csproj", "{DECCABD7-4DB5-4654-8436-30136AECC3CD}"
EndProject
Project("{9A19103F-16F7-4668-BE54-9A1E7A4F7556}") = "Alpaca.Infrastructure.Mapping", "Infrastructure\Alpaca.Infrastructure.Mapping\Alpaca.Infrastructure.Mapping.csproj", "{21CD24D5-07C0-48AF-B6BA-84DEDB10845D}"
EndProject
Project("{9A19103F-16F7-4668-BE54-9A1E7A4F7556}") = "Alpaca.Infrastructure.Caching", "Infrastructure\Alpaca.Infrastructure.Caching\Alpaca.Infrastructure.Caching.csproj", "{C07D9FE7-E17F-48CE-AA77-F9F01C74E2D0}"
EndProject
Project("{9A19103F-16F7-4668-BE54-9A1E7A4F7556}") = "Alpaca.Infrastructure.Robust", "Infrastructure\Alpaca.Infrastructure.Robust\Alpaca.Infrastructure.Robust.csproj", "{9C020AB5-B612-414C-9BFC-2D820C0F4B2D}"
EndProject
Project("{9A19103F-16F7-4668-BE54-9A1E7A4F7556}") = "Alpaca.Infrastructure.Enums", "Infrastructure\Alpaca.Infrastructure.Enums\Alpaca.Infrastructure.Enums.csproj", "{71674EED-6F66-45E0-A367-28780C97E0C4}"
EndProject
Project("{9A19103F-16F7-4668-BE54-9A1E7A4F7556}") = "Alpaca.Test.Account", "Test\Alpaca.Test.Account\Alpaca.Test.Account.csproj", "{4FBDFC7F-3103-410C-A4D4-C1EA1D187D51}"
EndProject
Project("{9A19103F-16F7-4668-BE54-9A1E7A4F7556}") = "Alpaca.Model.Config", "Model\Alpaca.Model.Config\Alpaca.Model.Config.csproj", "{D61D7959-A422-4D42-B2FC-457F8B1A5A63}"
EndProject
Project("{9A19103F-16F7-4668-BE54-9A1E7A4F7556}") = "Alpaca.Biz.Config", "Biz\Alpaca.Biz.Config\Alpaca.Biz.Config.csproj", "{869E985D-362E-4370-A4BE-3062CA4FDC1C}"
EndProject
Project("{2150E333-8FDC-42A3-9474-1A3956D46DE8}") = "7 - Interfaces", "7 - Interfaces", "{82754782-9DFD-4953-916E-D587D1635442}"
EndProject
Project("{9A19103F-16F7-4668-BE54-9A1E7A4F7556}") = "Alpaca.Interfaces.Account", "Interfaces\Alpaca.Interfaces.Account\Alpaca.Interfaces.Account.csproj", "{3904CEE9-A497-4369-8237-86C561C0C4A0}"
EndProject
Project("{2150E333-8FDC-42A3-9474-1A3956D46DE8}") = "8 - Plugins", "8 - Plugins", "{004063B9-B0F4-4F50-81E5-3CF3C09B1AA3}"
EndProject
Project("{2150E333-8FDC-42A3-9474-1A3956D46DE8}") = "8.1 - Account", "8.1 - Account", "{FC06CED9-752E-4035-855B-36E6466959AE}"
EndProject
Project("{9A19103F-16F7-4668-BE54-9A1E7A4F7556}") = "Alpaca.Plugins.Account.OwnIntegration", "Plugins\Account\Alpaca.Plugins.Account.OwnIntegration\Alpaca.Plugins.Account.OwnIntegration.csproj", "{E3A7E423-2821-4090-BA13-BE8EF64C1EA3}"
EndProject
Project("{2150E333-8FDC-42A3-9474-1A3956D46DE8}") = "8.2 - Dispatch", "8.2 - Dispatch", "{44017B12-B3A6-470F-ABBF-E7F9C5577886}"
EndProject
Project("{9A19103F-16F7-4668-BE54-9A1E7A4F7556}") = "Alpaca.Plugins.Dispatch.Redis", "Plugins\Dispatch\Alpaca.Plugins.Dispatch.Redis\Alpaca.Plugins.Dispatch.Redis.csproj", "{12A13383-56A0-4EF1-8C16-8DFED4D713EA}"
EndProject
Project("{9A19103F-16F7-4668-BE54-9A1E7A4F7556}") = "Alpaca.Plugins.Dispatch.OwnIntegration", "Plugins\Dispatch\Alpaca.Plugins.Dispatch.OwnIntegration\Alpaca.Plugins.Dispatch.OwnIntegration.csproj", "{6A03F9E4-C81F-4C97-98C7-DC377ED821A3}"
EndProject
Project("{9A19103F-16F7-4668-BE54-9A1E7A4F7556}") = "Alpaca.Interfaces.Dispatch", "Interfaces\Alpaca.Interfaces.Dispatch\Alpaca.Interfaces.Dispatch.csproj", "{4F16F799-97F6-4ED3-BE1A-69E1FF6EEE96}"
EndProject
Project("{9A19103F-16F7-4668-BE54-9A1E7A4F7556}") = "Alpaca.Infrastructure.Logging", "Infrastructure\Alpaca.Infrastructure.Logging\Alpaca.Infrastructure.Logging.csproj", "{EFB247A2-62F9-4083-98F7-829DD643DE11}"
EndProject
Project("{9A19103F-16F7-4668-BE54-9A1E7A4F7556}") = "Alpaca.Test.Config", "Test\Alpaca.Test.Config\Alpaca.Test.Config.csproj", "{8AF6F0D1-CA01-43FC-B8A4-01591648CCB3}"
EndProject
Global
	GlobalSection(SolutionConfigurationPlatforms) = preSolution
		Debug|Any CPU = Debug|Any CPU
		Release|Any CPU = Release|Any CPU
	EndGlobalSection
	GlobalSection(ProjectConfigurationPlatforms) = postSolution
		{2726545F-4406-448A-8BDF-F9799DC08330}.Debug|Any CPU.ActiveCfg = Debug|Any CPU
		{2726545F-4406-448A-8BDF-F9799DC08330}.Debug|Any CPU.Build.0 = Debug|Any CPU
		{2726545F-4406-448A-8BDF-F9799DC08330}.Release|Any CPU.ActiveCfg = Release|Any CPU
		{2726545F-4406-448A-8BDF-F9799DC08330}.Release|Any CPU.Build.0 = Release|Any CPU
		{24956F16-352C-4911-88AE-1148FE2AF890}.Debug|Any CPU.ActiveCfg = Debug|Any CPU
		{24956F16-352C-4911-88AE-1148FE2AF890}.Debug|Any CPU.Build.0 = Debug|Any CPU
		{24956F16-352C-4911-88AE-1148FE2AF890}.Release|Any CPU.ActiveCfg = Release|Any CPU
		{24956F16-352C-4911-88AE-1148FE2AF890}.Release|Any CPU.Build.0 = Release|Any CPU
		{F074FA20-B79B-4820-8714-D93725F8C263}.Debug|Any CPU.ActiveCfg = Debug|Any CPU
		{F074FA20-B79B-4820-8714-D93725F8C263}.Debug|Any CPU.Build.0 = Debug|Any CPU
		{F074FA20-B79B-4820-8714-D93725F8C263}.Release|Any CPU.ActiveCfg = Release|Any CPU
		{F074FA20-B79B-4820-8714-D93725F8C263}.Release|Any CPU.Build.0 = Release|Any CPU
		{8A5BB24F-5CBE-4210-AE58-9F9FEE4FC87F}.Debug|Any CPU.ActiveCfg = Debug|Any CPU
		{8A5BB24F-5CBE-4210-AE58-9F9FEE4FC87F}.Debug|Any CPU.Build.0 = Debug|Any CPU
		{8A5BB24F-5CBE-4210-AE58-9F9FEE4FC87F}.Release|Any CPU.ActiveCfg = Release|Any CPU
		{8A5BB24F-5CBE-4210-AE58-9F9FEE4FC87F}.Release|Any CPU.Build.0 = Release|Any CPU
		{2277F33C-D5E0-4D60-9F0B-D85E3D0DF354}.Debug|Any CPU.ActiveCfg = Debug|Any CPU
		{2277F33C-D5E0-4D60-9F0B-D85E3D0DF354}.Debug|Any CPU.Build.0 = Debug|Any CPU
		{2277F33C-D5E0-4D60-9F0B-D85E3D0DF354}.Release|Any CPU.ActiveCfg = Release|Any CPU
		{2277F33C-D5E0-4D60-9F0B-D85E3D0DF354}.Release|Any CPU.Build.0 = Release|Any CPU
		{0F153EB6-FDED-4B21-9E36-FEFE3FB1D7C3}.Debug|Any CPU.ActiveCfg = Debug|Any CPU
		{0F153EB6-FDED-4B21-9E36-FEFE3FB1D7C3}.Debug|Any CPU.Build.0 = Debug|Any CPU
		{0F153EB6-FDED-4B21-9E36-FEFE3FB1D7C3}.Release|Any CPU.ActiveCfg = Release|Any CPU
		{0F153EB6-FDED-4B21-9E36-FEFE3FB1D7C3}.Release|Any CPU.Build.0 = Release|Any CPU
		{79F091BB-713C-455B-860A-E46B26E3A346}.Debug|Any CPU.ActiveCfg = Debug|Any CPU
		{79F091BB-713C-455B-860A-E46B26E3A346}.Debug|Any CPU.Build.0 = Debug|Any CPU
		{79F091BB-713C-455B-860A-E46B26E3A346}.Release|Any CPU.ActiveCfg = Release|Any CPU
		{79F091BB-713C-455B-860A-E46B26E3A346}.Release|Any CPU.Build.0 = Release|Any CPU
		{DECCABD7-4DB5-4654-8436-30136AECC3CD}.Debug|Any CPU.ActiveCfg = Debug|Any CPU
		{DECCABD7-4DB5-4654-8436-30136AECC3CD}.Debug|Any CPU.Build.0 = Debug|Any CPU
		{DECCABD7-4DB5-4654-8436-30136AECC3CD}.Release|Any CPU.ActiveCfg = Release|Any CPU
		{DECCABD7-4DB5-4654-8436-30136AECC3CD}.Release|Any CPU.Build.0 = Release|Any CPU
		{21CD24D5-07C0-48AF-B6BA-84DEDB10845D}.Debug|Any CPU.ActiveCfg = Debug|Any CPU
		{21CD24D5-07C0-48AF-B6BA-84DEDB10845D}.Debug|Any CPU.Build.0 = Debug|Any CPU
		{21CD24D5-07C0-48AF-B6BA-84DEDB10845D}.Release|Any CPU.ActiveCfg = Release|Any CPU
		{21CD24D5-07C0-48AF-B6BA-84DEDB10845D}.Release|Any CPU.Build.0 = Release|Any CPU
		{C07D9FE7-E17F-48CE-AA77-F9F01C74E2D0}.Debug|Any CPU.ActiveCfg = Debug|Any CPU
		{C07D9FE7-E17F-48CE-AA77-F9F01C74E2D0}.Debug|Any CPU.Build.0 = Debug|Any CPU
		{C07D9FE7-E17F-48CE-AA77-F9F01C74E2D0}.Release|Any CPU.ActiveCfg = Release|Any CPU
		{C07D9FE7-E17F-48CE-AA77-F9F01C74E2D0}.Release|Any CPU.Build.0 = Release|Any CPU
		{9C020AB5-B612-414C-9BFC-2D820C0F4B2D}.Debug|Any CPU.ActiveCfg = Debug|Any CPU
		{9C020AB5-B612-414C-9BFC-2D820C0F4B2D}.Debug|Any CPU.Build.0 = Debug|Any CPU
		{9C020AB5-B612-414C-9BFC-2D820C0F4B2D}.Release|Any CPU.ActiveCfg = Release|Any CPU
		{9C020AB5-B612-414C-9BFC-2D820C0F4B2D}.Release|Any CPU.Build.0 = Release|Any CPU
		{71674EED-6F66-45E0-A367-28780C97E0C4}.Debug|Any CPU.ActiveCfg = Debug|Any CPU
		{71674EED-6F66-45E0-A367-28780C97E0C4}.Debug|Any CPU.Build.0 = Debug|Any CPU
		{71674EED-6F66-45E0-A367-28780C97E0C4}.Release|Any CPU.ActiveCfg = Release|Any CPU
		{71674EED-6F66-45E0-A367-28780C97E0C4}.Release|Any CPU.Build.0 = Release|Any CPU
		{4FBDFC7F-3103-410C-A4D4-C1EA1D187D51}.Debug|Any CPU.ActiveCfg = Debug|Any CPU
		{4FBDFC7F-3103-410C-A4D4-C1EA1D187D51}.Debug|Any CPU.Build.0 = Debug|Any CPU
		{4FBDFC7F-3103-410C-A4D4-C1EA1D187D51}.Release|Any CPU.ActiveCfg = Release|Any CPU
		{4FBDFC7F-3103-410C-A4D4-C1EA1D187D51}.Release|Any CPU.Build.0 = Release|Any CPU
		{D61D7959-A422-4D42-B2FC-457F8B1A5A63}.Debug|Any CPU.ActiveCfg = Debug|Any CPU
		{D61D7959-A422-4D42-B2FC-457F8B1A5A63}.Debug|Any CPU.Build.0 = Debug|Any CPU
		{D61D7959-A422-4D42-B2FC-457F8B1A5A63}.Release|Any CPU.ActiveCfg = Release|Any CPU
		{D61D7959-A422-4D42-B2FC-457F8B1A5A63}.Release|Any CPU.Build.0 = Release|Any CPU
		{869E985D-362E-4370-A4BE-3062CA4FDC1C}.Debug|Any CPU.ActiveCfg = Debug|Any CPU
		{869E985D-362E-4370-A4BE-3062CA4FDC1C}.Debug|Any CPU.Build.0 = Debug|Any CPU
		{869E985D-362E-4370-A4BE-3062CA4FDC1C}.Release|Any CPU.ActiveCfg = Release|Any CPU
		{869E985D-362E-4370-A4BE-3062CA4FDC1C}.Release|Any CPU.Build.0 = Release|Any CPU
		{3904CEE9-A497-4369-8237-86C561C0C4A0}.Debug|Any CPU.ActiveCfg = Debug|Any CPU
		{3904CEE9-A497-4369-8237-86C561C0C4A0}.Debug|Any CPU.Build.0 = Debug|Any CPU
		{3904CEE9-A497-4369-8237-86C561C0C4A0}.Release|Any CPU.ActiveCfg = Release|Any CPU
		{3904CEE9-A497-4369-8237-86C561C0C4A0}.Release|Any CPU.Build.0 = Release|Any CPU
		{E3A7E423-2821-4090-BA13-BE8EF64C1EA3}.Debug|Any CPU.ActiveCfg = Debug|Any CPU
		{E3A7E423-2821-4090-BA13-BE8EF64C1EA3}.Debug|Any CPU.Build.0 = Debug|Any CPU
		{E3A7E423-2821-4090-BA13-BE8EF64C1EA3}.Release|Any CPU.ActiveCfg = Release|Any CPU
		{E3A7E423-2821-4090-BA13-BE8EF64C1EA3}.Release|Any CPU.Build.0 = Release|Any CPU
		{12A13383-56A0-4EF1-8C16-8DFED4D713EA}.Debug|Any CPU.ActiveCfg = Debug|Any CPU
		{12A13383-56A0-4EF1-8C16-8DFED4D713EA}.Debug|Any CPU.Build.0 = Debug|Any CPU
		{12A13383-56A0-4EF1-8C16-8DFED4D713EA}.Release|Any CPU.ActiveCfg = Release|Any CPU
		{12A13383-56A0-4EF1-8C16-8DFED4D713EA}.Release|Any CPU.Build.0 = Release|Any CPU
		{6A03F9E4-C81F-4C97-98C7-DC377ED821A3}.Debug|Any CPU.ActiveCfg = Debug|Any CPU
		{6A03F9E4-C81F-4C97-98C7-DC377ED821A3}.Debug|Any CPU.Build.0 = Debug|Any CPU
		{6A03F9E4-C81F-4C97-98C7-DC377ED821A3}.Release|Any CPU.ActiveCfg = Release|Any CPU
		{6A03F9E4-C81F-4C97-98C7-DC377ED821A3}.Release|Any CPU.Build.0 = Release|Any CPU
		{4F16F799-97F6-4ED3-BE1A-69E1FF6EEE96}.Debug|Any CPU.ActiveCfg = Debug|Any CPU
		{4F16F799-97F6-4ED3-BE1A-69E1FF6EEE96}.Debug|Any CPU.Build.0 = Debug|Any CPU
		{4F16F799-97F6-4ED3-BE1A-69E1FF6EEE96}.Release|Any CPU.ActiveCfg = Release|Any CPU
		{4F16F799-97F6-4ED3-BE1A-69E1FF6EEE96}.Release|Any CPU.Build.0 = Release|Any CPU
		{EFB247A2-62F9-4083-98F7-829DD643DE11}.Debug|Any CPU.ActiveCfg = Debug|Any CPU
		{EFB247A2-62F9-4083-98F7-829DD643DE11}.Debug|Any CPU.Build.0 = Debug|Any CPU
		{EFB247A2-62F9-4083-98F7-829DD643DE11}.Release|Any CPU.ActiveCfg = Release|Any CPU
		{EFB247A2-62F9-4083-98F7-829DD643DE11}.Release|Any CPU.Build.0 = Release|Any CPU
		{8AF6F0D1-CA01-43FC-B8A4-01591648CCB3}.Debug|Any CPU.ActiveCfg = Debug|Any CPU
		{8AF6F0D1-CA01-43FC-B8A4-01591648CCB3}.Debug|Any CPU.Build.0 = Debug|Any CPU
		{8AF6F0D1-CA01-43FC-B8A4-01591648CCB3}.Release|Any CPU.ActiveCfg = Release|Any CPU
		{8AF6F0D1-CA01-43FC-B8A4-01591648CCB3}.Release|Any CPU.Build.0 = Release|Any CPU
	EndGlobalSection
	GlobalSection(SolutionProperties) = preSolution
		HideSolutionNode = FALSE
	EndGlobalSection
	GlobalSection(NestedProjects) = preSolution
		{2726545F-4406-448A-8BDF-F9799DC08330} = {CB4A793A-ADF8-42FD-BB99-84BBAFE16A5B}
		{24956F16-352C-4911-88AE-1148FE2AF890} = {8DEBB91B-12C0-4B5D-993B-1051B7B367A6}
		{8A5BB24F-5CBE-4210-AE58-9F9FEE4FC87F} = {5DD2C8A9-9064-4ED3-BC48-088486F27B7C}
		{2277F33C-D5E0-4D60-9F0B-D85E3D0DF354} = {D06DCA35-7243-431C-9DDD-14FA6F020BDE}
		{0F153EB6-FDED-4B21-9E36-FEFE3FB1D7C3} = {1DA53ECD-0E7D-462D-BA62-9C58C9F08C8E}
		{79F091BB-713C-455B-860A-E46B26E3A346} = {1DA53ECD-0E7D-462D-BA62-9C58C9F08C8E}
		{DECCABD7-4DB5-4654-8436-30136AECC3CD} = {5DD2C8A9-9064-4ED3-BC48-088486F27B7C}
		{21CD24D5-07C0-48AF-B6BA-84DEDB10845D} = {5DD2C8A9-9064-4ED3-BC48-088486F27B7C}
		{C07D9FE7-E17F-48CE-AA77-F9F01C74E2D0} = {5DD2C8A9-9064-4ED3-BC48-088486F27B7C}
		{9C020AB5-B612-414C-9BFC-2D820C0F4B2D} = {5DD2C8A9-9064-4ED3-BC48-088486F27B7C}
		{71674EED-6F66-45E0-A367-28780C97E0C4} = {5DD2C8A9-9064-4ED3-BC48-088486F27B7C}
		{4FBDFC7F-3103-410C-A4D4-C1EA1D187D51} = {441D396B-A851-41AE-A5DE-B96730A0E5C2}
		{D61D7959-A422-4D42-B2FC-457F8B1A5A63} = {8DEBB91B-12C0-4B5D-993B-1051B7B367A6}
		{869E985D-362E-4370-A4BE-3062CA4FDC1C} = {D06DCA35-7243-431C-9DDD-14FA6F020BDE}
		{3904CEE9-A497-4369-8237-86C561C0C4A0} = {82754782-9DFD-4953-916E-D587D1635442}
		{FC06CED9-752E-4035-855B-36E6466959AE} = {004063B9-B0F4-4F50-81E5-3CF3C09B1AA3}
		{E3A7E423-2821-4090-BA13-BE8EF64C1EA3} = {FC06CED9-752E-4035-855B-36E6466959AE}
		{44017B12-B3A6-470F-ABBF-E7F9C5577886} = {004063B9-B0F4-4F50-81E5-3CF3C09B1AA3}
		{12A13383-56A0-4EF1-8C16-8DFED4D713EA} = {44017B12-B3A6-470F-ABBF-E7F9C5577886}
		{6A03F9E4-C81F-4C97-98C7-DC377ED821A3} = {44017B12-B3A6-470F-ABBF-E7F9C5577886}
		{4F16F799-97F6-4ED3-BE1A-69E1FF6EEE96} = {82754782-9DFD-4953-916E-D587D1635442}
		{EFB247A2-62F9-4083-98F7-829DD643DE11} = {5DD2C8A9-9064-4ED3-BC48-088486F27B7C}
		{8AF6F0D1-CA01-43FC-B8A4-01591648CCB3} = {441D396B-A851-41AE-A5DE-B96730A0E5C2}
	EndGlobalSection
	GlobalSection(ExtensibilityGlobals) = postSolution
		SolutionGuid = {97FFE945-A397-48E0-A25F-D0A77E8E55EF}
	EndGlobalSection
EndGlobal
